
Microsoft Visual Studio Solution File, Format Version 12.00
Project("{FAE04EC0-301F-11D3-BF4B-00C04F79EFBC}") = "WebApplication1", "WebApplication1\WebApplication1.csproj", "{94DEA702-5A56-4EF9-8031-6A87B0F3AE42}"
EndProject
Global
	GlobalSection(SolutionConfigurationPlatforms) = preSolution
		Debug|Any CPU = Debug|Any CPU
		Release|Any CPU = Release|Any CPU
	EndGlobalSection
	GlobalSection(ProjectConfigurationPlatforms) = postSolution
		{94DEA702-5A56-4EF9-8031-6A87B0F3AE42}.Debug|Any CPU.ActiveCfg = Debug|Any CPU
		{94DEA702-5A56-4EF9-8031-6A87B0F3AE42}.Debug|Any CPU.Build.0 = Debug|Any CPU
		{94DEA702-5A56-4EF9-8031-6A87B0F3AE42}.Release|Any CPU.ActiveCfg = Release|Any CPU
		{94DEA702-5A56-4EF9-8031-6A87B0F3AE42}.Release|Any CPU.Build.0 = Release|Any CPU
	EndGlobalSection
EndGlobal
